
Microsoft Visual Studio Solution File, Format Version 12.00
# Visual Studio 15
VisualStudioVersion = 15.0.28306.52
MinimumVisualStudioVersion = 10.0.40219.1
Project("{8BC9CEB8-8B4A-11D0-8D11-00A0C91BC942}") = "AttributeTest", "AttributeTest\AttributeTest.vcxproj", "{BBD51856-C583-4935-9DC1-FD6903091503}"
EndProject
Global
	GlobalSection(SolutionConfigurationPlatforms) = preSolution
		Debug|x64 = Debug|x64
		Debug|x86 = Debug|x86
		Release|x64 = Release|x64
		Release|x86 = Release|x86
	EndGlobalSection
	GlobalSection(ProjectConfigurationPlatforms) = postSolution
		{BBD51856-C583-4935-9DC1-FD6903091503}.Debug|x64.ActiveCfg = Debug|x64
		{BBD51856-C583-4935-9DC1-FD6903091503}.Debug|x64.Build.0 = Debug|x64
		{BBD51856-C583-4935-9DC1-FD6903091503}.Debug|x86.ActiveCfg = Debug|Win32
		{BBD51856-C583-4935-9DC1-FD6903091503}.Debug|x86.Build.0 = Debug|Win32
		{BBD51856-C583-4935-9DC1-FD6903091503}.Release|x64.ActiveCfg = Release|x64
		{BBD51856-C583-4935-9DC1-FD6903091503}.Release|x64.Build.0 = Release|x64
		{BBD51856-C583-4935-9DC1-FD6903091503}.Release|x86.ActiveCfg = Release|Win32
		{BBD51856-C583-4935-9DC1-FD6903091503}.Release|x86.Build.0 = Release|Win32
	EndGlobalSection
	GlobalSection(SolutionProperties) = preSolution
		HideSolutionNode = FALSE
	EndGlobalSection
	GlobalSection(ExtensibilityGlobals) = postSolution
		SolutionGuid = {191DACCD-52F7-4085-BAA6-D6C0E16AA5AF}
	EndGlobalSection
EndGlobal
